
Microsoft Visual Studio Solution File, Format Version 12.00
# Visual Studio Version 16
VisualStudioVersion = 16.0.28922.388
MinimumVisualStudioVersion = 10.0.40219.1
Project("{FAE04EC0-301F-11D3-BF4B-00C04F79EFBC}") = "Bingo52on25", "Bingo52on25\Bingo52on25.csproj", "{8B536259-95E8-4C27-8BBF-3973C1574A4C}"
EndProject
Global
	GlobalSection(SolutionConfigurationPlatforms) = preSolution
		Debug|Any CPU = Debug|Any CPU
		Release|Any CPU = Release|Any CPU
	EndGlobalSection
	GlobalSection(ProjectConfigurationPlatforms) = postSolution
		{8B536259-95E8-4C27-8BBF-3973C1574A4C}.Debug|Any CPU.ActiveCfg = Debug|Any CPU
		{8B536259-95E8-4C27-8BBF-3973C1574A4C}.Debug|Any CPU.Build.0 = Debug|Any CPU
		{8B536259-95E8-4C27-8BBF-3973C1574A4C}.Release|Any CPU.ActiveCfg = Release|Any CPU
		{8B536259-95E8-4C27-8BBF-3973C1574A4C}.Release|Any CPU.Build.0 = Release|Any CPU
	EndGlobalSection
	GlobalSection(SolutionProperties) = preSolution
		HideSolutionNode = FALSE
	EndGlobalSection
	GlobalSection(ExtensibilityGlobals) = postSolution
		SolutionGuid = {83A6AE4B-5821-4B28-8EEF-D0E8845E61DE}
	EndGlobalSection
EndGlobal
